
Microsoft Visual Studio Solution File, Format Version 12.00
# Visual Studio 14
VisualStudioVersion = 14.0.25420.1
MinimumVisualStudioVersion = 10.0.40219.1
Project("{FAE04EC0-301F-11D3-BF4B-00C04F79EFBC}") = "ToDoList", "ToDoList\ToDoList.csproj", "{7D72C237-CCA2-48CE-9C19-5B6D9CDCEB5E}"
EndProject
Project("{FAE04EC0-301F-11D3-BF4B-00C04F79EFBC}") = "BookLibrary", "BookLibrary\BookLibrary.csproj", "{795E0776-23A0-4442-A069-E160C9F4D0B4}"
EndProject
Global
	GlobalSection(SolutionConfigurationPlatforms) = preSolution
		Debug|Any CPU = Debug|Any CPU
		Release|Any CPU = Release|Any CPU
	EndGlobalSection
	GlobalSection(ProjectConfigurationPlatforms) = postSolution
		{7D72C237-CCA2-48CE-9C19-5B6D9CDCEB5E}.Debug|Any CPU.ActiveCfg = Debug|Any CPU
		{7D72C237-CCA2-48CE-9C19-5B6D9CDCEB5E}.Debug|Any CPU.Build.0 = Debug|Any CPU
		{7D72C237-CCA2-48CE-9C19-5B6D9CDCEB5E}.Release|Any CPU.ActiveCfg = Release|Any CPU
		{7D72C237-CCA2-48CE-9C19-5B6D9CDCEB5E}.Release|Any CPU.Build.0 = Release|Any CPU
		{795E0776-23A0-4442-A069-E160C9F4D0B4}.Debug|Any CPU.ActiveCfg = Debug|Any CPU
		{795E0776-23A0-4442-A069-E160C9F4D0B4}.Debug|Any CPU.Build.0 = Debug|Any CPU
		{795E0776-23A0-4442-A069-E160C9F4D0B4}.Release|Any CPU.ActiveCfg = Release|Any CPU
		{795E0776-23A0-4442-A069-E160C9F4D0B4}.Release|Any CPU.Build.0 = Release|Any CPU
	EndGlobalSection
	GlobalSection(SolutionProperties) = preSolution
		HideSolutionNode = FALSE
	EndGlobalSection
EndGlobal
